
Microsoft Visual Studio Solution File, Format Version 12.00
# Visual Studio Version 17
VisualStudioVersion = 17.0.32014.148
MinimumVisualStudioVersion = 10.0.40219.1
Project("{9A19103F-16F7-4668-BE54-9A1E7A4F7556}") = "Shibboleth.AspNetCore.WebApp", "Shibboleth.AspNetCore.WebApp.csproj", "{5B88D34C-28DE-4EDF-A15F-AA46560BEA5A}"
EndProject
Global
	GlobalSection(SolutionConfigurationPlatforms) = preSolution
		Debug|Any CPU = Debug|Any CPU
		Release|Any CPU = Release|Any CPU
	EndGlobalSection
	GlobalSection(ProjectConfigurationPlatforms) = postSolution
		{5B88D34C-28DE-4EDF-A15F-AA46560BEA5A}.Debug|Any CPU.ActiveCfg = Debug|Any CPU
		{5B88D34C-28DE-4EDF-A15F-AA46560BEA5A}.Debug|Any CPU.Build.0 = Debug|Any CPU
		{5B88D34C-28DE-4EDF-A15F-AA46560BEA5A}.Release|Any CPU.ActiveCfg = Release|Any CPU
		{5B88D34C-28DE-4EDF-A15F-AA46560BEA5A}.Release|Any CPU.Build.0 = Release|Any CPU
	EndGlobalSection
	GlobalSection(SolutionProperties) = preSolution
		HideSolutionNode = FALSE
	EndGlobalSection
	GlobalSection(ExtensibilityGlobals) = postSolution
		SolutionGuid = {7DA6B528-0AF4-467B-9F55-A40FBA729396}
	EndGlobalSection
EndGlobal
